
Microsoft Visual Studio Solution File, Format Version 12.00
# Visual Studio Version 17
VisualStudioVersion = 17.11.35431.28
MinimumVisualStudioVersion = 10.0.40219.1
Project("{9A19103F-16F7-4668-BE54-9A1E7A4F7556}") = "SoftwareDevelopment2", "LibraryMVC\SoftwareDevelopment2.csproj", "{04D79138-DED8-4B84-95B2-9935F06CF87E}"
EndProject
Project("{9A19103F-16F7-4668-BE54-9A1E7A4F7556}") = "LibraryTest", "LibraryTest\LibraryTest.csproj", "{1E8DA068-18E9-401C-A766-B3B6127785BF}"
EndProject
Global
	GlobalSection(SolutionConfigurationPlatforms) = preSolution
		Debug|Any CPU = Debug|Any CPU
		Release|Any CPU = Release|Any CPU
	EndGlobalSection
	GlobalSection(ProjectConfigurationPlatforms) = postSolution
		{04D79138-DED8-4B84-95B2-9935F06CF87E}.Debug|Any CPU.ActiveCfg = Debug|Any CPU
		{04D79138-DED8-4B84-95B2-9935F06CF87E}.Debug|Any CPU.Build.0 = Debug|Any CPU
		{04D79138-DED8-4B84-95B2-9935F06CF87E}.Release|Any CPU.ActiveCfg = Release|Any CPU
		{04D79138-DED8-4B84-95B2-9935F06CF87E}.Release|Any CPU.Build.0 = Release|Any CPU
		{1E8DA068-18E9-401C-A766-B3B6127785BF}.Debug|Any CPU.ActiveCfg = Debug|Any CPU
		{1E8DA068-18E9-401C-A766-B3B6127785BF}.Debug|Any CPU.Build.0 = Debug|Any CPU
		{1E8DA068-18E9-401C-A766-B3B6127785BF}.Release|Any CPU.ActiveCfg = Release|Any CPU
		{1E8DA068-18E9-401C-A766-B3B6127785BF}.Release|Any CPU.Build.0 = Release|Any CPU
	EndGlobalSection
	GlobalSection(SolutionProperties) = preSolution
		HideSolutionNode = FALSE
	EndGlobalSection
	GlobalSection(ExtensibilityGlobals) = postSolution
		SolutionGuid = {75F2B2F1-6E2E-49B4-BDB7-DC0D11FE1B6E}
	EndGlobalSection
EndGlobal
